
Microsoft Visual Studio Solution File, Format Version 12.00
# Visual Studio Version 16
VisualStudioVersion = 16.0.35325.158
MinimumVisualStudioVersion = 10.0.40219.1
Project("{FAE04EC0-301F-11D3-BF4B-00C04F79EFBC}") = "assignment2", "assignment2\assignment2.csproj", "{3D913AC9-1622-4531-86A8-9FF9E60BA3C9}"
EndProject
Global
	GlobalSection(SolutionConfigurationPlatforms) = preSolution
		Debug|Any CPU = Debug|Any CPU
		Release|Any CPU = Release|Any CPU
	EndGlobalSection
	GlobalSection(ProjectConfigurationPlatforms) = postSolution
		{3D913AC9-1622-4531-86A8-9FF9E60BA3C9}.Debug|Any CPU.ActiveCfg = Debug|Any CPU
		{3D913AC9-1622-4531-86A8-9FF9E60BA3C9}.Debug|Any CPU.Build.0 = Debug|Any CPU
		{3D913AC9-1622-4531-86A8-9FF9E60BA3C9}.Release|Any CPU.ActiveCfg = Release|Any CPU
		{3D913AC9-1622-4531-86A8-9FF9E60BA3C9}.Release|Any CPU.Build.0 = Release|Any CPU
	EndGlobalSection
	GlobalSection(SolutionProperties) = preSolution
		HideSolutionNode = FALSE
	EndGlobalSection
	GlobalSection(ExtensibilityGlobals) = postSolution
		SolutionGuid = {238D5B94-BC19-4C70-92FF-C02D9F0DFD52}
	EndGlobalSection
EndGlobal
