
Microsoft Visual Studio Solution File, Format Version 12.00
# Visual Studio Version 16
VisualStudioVersion = 16.0.35325.158
MinimumVisualStudioVersion = 10.0.40219.1
Project("{FAE04EC0-301F-11D3-BF4B-00C04F79EFBC}") = "saikottu1", "saikottu1\saikottu1.csproj", "{F81DF3DE-A636-4BF5-BF76-E1B1474C3867}"
EndProject
Global
	GlobalSection(SolutionConfigurationPlatforms) = preSolution
		Debug|Any CPU = Debug|Any CPU
		Release|Any CPU = Release|Any CPU
	EndGlobalSection
	GlobalSection(ProjectConfigurationPlatforms) = postSolution
		{F81DF3DE-A636-4BF5-BF76-E1B1474C3867}.Debug|Any CPU.ActiveCfg = Debug|Any CPU
		{F81DF3DE-A636-4BF5-BF76-E1B1474C3867}.Debug|Any CPU.Build.0 = Debug|Any CPU
		{F81DF3DE-A636-4BF5-BF76-E1B1474C3867}.Release|Any CPU.ActiveCfg = Release|Any CPU
		{F81DF3DE-A636-4BF5-BF76-E1B1474C3867}.Release|Any CPU.Build.0 = Release|Any CPU
	EndGlobalSection
	GlobalSection(SolutionProperties) = preSolution
		HideSolutionNode = FALSE
	EndGlobalSection
	GlobalSection(ExtensibilityGlobals) = postSolution
		SolutionGuid = {3E2B86BF-C8EE-4D1A-A543-8AC31180BFD0}
	EndGlobalSection
EndGlobal
