
Microsoft Visual Studio Solution File, Format Version 12.00
# Visual Studio Version 16
VisualStudioVersion = 16.0.35325.158
MinimumVisualStudioVersion = 10.0.40219.1
Project("{FAE04EC0-301F-11D3-BF4B-00C04F79EFBC}") = "Assessment-1", "Assessment-1\Assessment-1.csproj", "{9888E6C3-E194-49ED-BCBA-8CCE44FB89AD}"
EndProject
Global
	GlobalSection(SolutionConfigurationPlatforms) = preSolution
		Debug|Any CPU = Debug|Any CPU
		Release|Any CPU = Release|Any CPU
	EndGlobalSection
	GlobalSection(ProjectConfigurationPlatforms) = postSolution
		{9888E6C3-E194-49ED-BCBA-8CCE44FB89AD}.Debug|Any CPU.ActiveCfg = Debug|Any CPU
		{9888E6C3-E194-49ED-BCBA-8CCE44FB89AD}.Debug|Any CPU.Build.0 = Debug|Any CPU
		{9888E6C3-E194-49ED-BCBA-8CCE44FB89AD}.Release|Any CPU.ActiveCfg = Release|Any CPU
		{9888E6C3-E194-49ED-BCBA-8CCE44FB89AD}.Release|Any CPU.Build.0 = Release|Any CPU
	EndGlobalSection
	GlobalSection(SolutionProperties) = preSolution
		HideSolutionNode = FALSE
	EndGlobalSection
	GlobalSection(ExtensibilityGlobals) = postSolution
		SolutionGuid = {E285F2B7-317D-4DF2-98CA-47A328731BA7}
	EndGlobalSection
EndGlobal
